
Microsoft Visual Studio Solution File, Format Version 12.00
# Visual Studio Version 17
VisualStudioVersion = 17.5.33627.172
MinimumVisualStudioVersion = 10.0.40219.1
Project("{FAE04EC0-301F-11D3-BF4B-00C04F79EFBC}") = "NetWinapiCms", "src\NetWinapiCms\NetWinapiCms.csproj", "{BD42118B-2CE6-4CA6-991E-FCA4D6031584}"
EndProject
Project("{2150E333-8FDC-42A3-9474-1A3956D46DE8}") = ".root", ".root", "{BC547092-EFB5-42EF-B46B-C02F7A522E68}"
	ProjectSection(SolutionItems) = preProject
		.editorconfig = .editorconfig
		Directory.Build.props = Directory.Build.props
	EndProjectSection
EndProject
Global
	GlobalSection(SolutionConfigurationPlatforms) = preSolution
		Debug|Any CPU = Debug|Any CPU
		Release|Any CPU = Release|Any CPU
	EndGlobalSection
	GlobalSection(ProjectConfigurationPlatforms) = postSolution
		{BD42118B-2CE6-4CA6-991E-FCA4D6031584}.Debug|Any CPU.ActiveCfg = Debug|Any CPU
		{BD42118B-2CE6-4CA6-991E-FCA4D6031584}.Debug|Any CPU.Build.0 = Debug|Any CPU
		{BD42118B-2CE6-4CA6-991E-FCA4D6031584}.Release|Any CPU.ActiveCfg = Release|Any CPU
		{BD42118B-2CE6-4CA6-991E-FCA4D6031584}.Release|Any CPU.Build.0 = Release|Any CPU
	EndGlobalSection
	GlobalSection(SolutionProperties) = preSolution
		HideSolutionNode = FALSE
	EndGlobalSection
	GlobalSection(ExtensibilityGlobals) = postSolution
		SolutionGuid = {EB170D32-6CBD-4BD8-9003-22902F61E111}
	EndGlobalSection
EndGlobal
